{
  "name": "functions",
  "requires": true,
  "lockfileVersion": 1,
  "dependencies": {
    "jest-fetch-mock": {
      "version": "1.2.1",
      "resolved": "https://registry.npmjs.org/jest-fetch-mock/-/jest-fetch-mock-1.2.1.tgz",
      "integrity": "sha1-X89UWDpTz5h7EMYm8NaE/jU3JfI=",
      "dev": true,
      "requires": {
        "whatwg-fetch": "1.0.0"
      }
    },
    "whatwg-fetch": {
      "version": "1.0.0",
      "resolved": "https://registry.npmjs.org/whatwg-fetch/-/whatwg-fetch-1.0.0.tgz",
      "integrity": "sha1-AcKsTfQOI2qqGEgOO+dL1cjreY4=",
      "dev": true
    }
  }
}
